
Microsoft Visual Studio Solution File, Format Version 12.00
# Visual Studio Version 17
VisualStudioVersion = 17.3.32901.215
MinimumVisualStudioVersion = 10.0.40219.1
Project("{FAE04EC0-301F-11D3-BF4B-00C04F79EFBC}") = "gaddr-WebApplication", "gaddr-WebApplication\gaddr-WebApplication.csproj", "{154414C2-294D-4B54-B576-EA92354DD91A}"
EndProject
Global
	GlobalSection(SolutionConfigurationPlatforms) = preSolution
		Debug|Any CPU = Debug|Any CPU
		Release|Any CPU = Release|Any CPU
	EndGlobalSection
	GlobalSection(ProjectConfigurationPlatforms) = postSolution
		{154414C2-294D-4B54-B576-EA92354DD91A}.Debug|Any CPU.ActiveCfg = Debug|Any CPU
		{154414C2-294D-4B54-B576-EA92354DD91A}.Debug|Any CPU.Build.0 = Debug|Any CPU
		{154414C2-294D-4B54-B576-EA92354DD91A}.Release|Any CPU.ActiveCfg = Release|Any CPU
		{154414C2-294D-4B54-B576-EA92354DD91A}.Release|Any CPU.Build.0 = Release|Any CPU
	EndGlobalSection
	GlobalSection(SolutionProperties) = preSolution
		HideSolutionNode = FALSE
	EndGlobalSection
	GlobalSection(ExtensibilityGlobals) = postSolution
		SolutionGuid = {930E1345-D80F-45C2-B068-CC46AEAE2CB2}
	EndGlobalSection
EndGlobal
